<?xml version="1.0" encoding="utf-8"?>
<Project ToolsVersion="16.0" xmlns="http://schemas.microsoft.com/developer/msbuild/2003">
  <ItemGroup>
    <CustomBuild Include="C:\home\nodchip\icfpc2020\libs\glog_build\CMakeFiles\1a96a5176a43dd4895fcd6c952505840\INSTALL_force.rule">
      <Filter>CMake Rules</Filter>
    </CustomBuild>
  </ItemGroup>
  <ItemGroup>
    <Filter Include="CMake Rules">
      <UniqueIdentifier>{86C1D7B3-9CCF-3E1D-848C-F7BFDE117DCB}</UniqueIdentifier>
    </Filter>
  </ItemGroup>
</Project>
