
Microsoft Visual Studio Solution File, Format Version 12.00
# Visual Studio Version 16
Project("{8BC9CEB8-8B4A-11D0-8D11-00A0C91BC942}") = "ALL_BUILD", "ALL_BUILD.vcxproj", "{FA75BCAC-E49E-35AA-A272-4DF3DE3E34DB}"
	ProjectSection(ProjectDependencies) = postProject
		{14CB39C8-BE7B-3602-AACC-339E5CC24BE9} = {14CB39C8-BE7B-3602-AACC-339E5CC24BE9}
		{39880AB0-4C24-3895-AE58-2B5D4DAF5B71} = {39880AB0-4C24-3895-AE58-2B5D4DAF5B71}
	EndProjectSection
EndProject
Project("{8BC9CEB8-8B4A-11D0-8D11-00A0C91BC942}") = "INSTALL", "INSTALL.vcxproj", "{3D40D196-B741-340C-AA13-68C88588A84C}"
	ProjectSection(ProjectDependencies) = postProject
		{FA75BCAC-E49E-35AA-A272-4DF3DE3E34DB} = {FA75BCAC-E49E-35AA-A272-4DF3DE3E34DB}
		{14CB39C8-BE7B-3602-AACC-339E5CC24BE9} = {14CB39C8-BE7B-3602-AACC-339E5CC24BE9}
	EndProjectSection
EndProject
Project("{8BC9CEB8-8B4A-11D0-8D11-00A0C91BC942}") = "PACKAGE", "PACKAGE.vcxproj", "{86E883B0-1519-3AC0-B97C-53811471D413}"
	ProjectSection(ProjectDependencies) = postProject
		{FA75BCAC-E49E-35AA-A272-4DF3DE3E34DB} = {FA75BCAC-E49E-35AA-A272-4DF3DE3E34DB}
		{14CB39C8-BE7B-3602-AACC-339E5CC24BE9} = {14CB39C8-BE7B-3602-AACC-339E5CC24BE9}
	EndProjectSection
EndProject
Project("{8BC9CEB8-8B4A-11D0-8D11-00A0C91BC942}") = "ZERO_CHECK", "ZERO_CHECK.vcxproj", "{14CB39C8-BE7B-3602-AACC-339E5CC24BE9}"
	ProjectSection(ProjectDependencies) = postProject
	EndProjectSection
EndProject
Project("{8BC9CEB8-8B4A-11D0-8D11-00A0C91BC942}") = "glog", "glog.vcxproj", "{39880AB0-4C24-3895-AE58-2B5D4DAF5B71}"
	ProjectSection(ProjectDependencies) = postProject
		{14CB39C8-BE7B-3602-AACC-339E5CC24BE9} = {14CB39C8-BE7B-3602-AACC-339E5CC24BE9}
	EndProjectSection
EndProject
Global
	GlobalSection(SolutionConfigurationPlatforms) = preSolution
		Debug|x64 = Debug|x64
		Release|x64 = Release|x64
		MinSizeRel|x64 = MinSizeRel|x64
		RelWithDebInfo|x64 = RelWithDebInfo|x64
	EndGlobalSection
	GlobalSection(ProjectConfigurationPlatforms) = postSolution
		{FA75BCAC-E49E-35AA-A272-4DF3DE3E34DB}.Debug|x64.ActiveCfg = Debug|x64
		{FA75BCAC-E49E-35AA-A272-4DF3DE3E34DB}.Debug|x64.Build.0 = Debug|x64
		{FA75BCAC-E49E-35AA-A272-4DF3DE3E34DB}.Release|x64.ActiveCfg = Release|x64
		{FA75BCAC-E49E-35AA-A272-4DF3DE3E34DB}.Release|x64.Build.0 = Release|x64
		{FA75BCAC-E49E-35AA-A272-4DF3DE3E34DB}.MinSizeRel|x64.ActiveCfg = MinSizeRel|x64
		{FA75BCAC-E49E-35AA-A272-4DF3DE3E34DB}.MinSizeRel|x64.Build.0 = MinSizeRel|x64
		{FA75BCAC-E49E-35AA-A272-4DF3DE3E34DB}.RelWithDebInfo|x64.ActiveCfg = RelWithDebInfo|x64
		{FA75BCAC-E49E-35AA-A272-4DF3DE3E34DB}.RelWithDebInfo|x64.Build.0 = RelWithDebInfo|x64
		{3D40D196-B741-340C-AA13-68C88588A84C}.Debug|x64.ActiveCfg = Debug|x64
		{3D40D196-B741-340C-AA13-68C88588A84C}.Release|x64.ActiveCfg = Release|x64
		{3D40D196-B741-340C-AA13-68C88588A84C}.MinSizeRel|x64.ActiveCfg = MinSizeRel|x64
		{3D40D196-B741-340C-AA13-68C88588A84C}.RelWithDebInfo|x64.ActiveCfg = RelWithDebInfo|x64
		{86E883B0-1519-3AC0-B97C-53811471D413}.Debug|x64.ActiveCfg = Debug|x64
		{86E883B0-1519-3AC0-B97C-53811471D413}.Release|x64.ActiveCfg = Release|x64
		{86E883B0-1519-3AC0-B97C-53811471D413}.MinSizeRel|x64.ActiveCfg = MinSizeRel|x64
		{86E883B0-1519-3AC0-B97C-53811471D413}.RelWithDebInfo|x64.ActiveCfg = RelWithDebInfo|x64
		{14CB39C8-BE7B-3602-AACC-339E5CC24BE9}.Debug|x64.ActiveCfg = Debug|x64
		{14CB39C8-BE7B-3602-AACC-339E5CC24BE9}.Debug|x64.Build.0 = Debug|x64
		{14CB39C8-BE7B-3602-AACC-339E5CC24BE9}.Release|x64.ActiveCfg = Release|x64
		{14CB39C8-BE7B-3602-AACC-339E5CC24BE9}.Release|x64.Build.0 = Release|x64
		{14CB39C8-BE7B-3602-AACC-339E5CC24BE9}.MinSizeRel|x64.ActiveCfg = MinSizeRel|x64
		{14CB39C8-BE7B-3602-AACC-339E5CC24BE9}.MinSizeRel|x64.Build.0 = MinSizeRel|x64
		{14CB39C8-BE7B-3602-AACC-339E5CC24BE9}.RelWithDebInfo|x64.ActiveCfg = RelWithDebInfo|x64
		{14CB39C8-BE7B-3602-AACC-339E5CC24BE9}.RelWithDebInfo|x64.Build.0 = RelWithDebInfo|x64
		{39880AB0-4C24-3895-AE58-2B5D4DAF5B71}.Debug|x64.ActiveCfg = Debug|x64
		{39880AB0-4C24-3895-AE58-2B5D4DAF5B71}.Debug|x64.Build.0 = Debug|x64
		{39880AB0-4C24-3895-AE58-2B5D4DAF5B71}.Release|x64.ActiveCfg = Release|x64
		{39880AB0-4C24-3895-AE58-2B5D4DAF5B71}.Release|x64.Build.0 = Release|x64
		{39880AB0-4C24-3895-AE58-2B5D4DAF5B71}.MinSizeRel|x64.ActiveCfg = MinSizeRel|x64
		{39880AB0-4C24-3895-AE58-2B5D4DAF5B71}.MinSizeRel|x64.Build.0 = MinSizeRel|x64
		{39880AB0-4C24-3895-AE58-2B5D4DAF5B71}.RelWithDebInfo|x64.ActiveCfg = RelWithDebInfo|x64
		{39880AB0-4C24-3895-AE58-2B5D4DAF5B71}.RelWithDebInfo|x64.Build.0 = RelWithDebInfo|x64
	EndGlobalSection
	GlobalSection(ExtensibilityGlobals) = postSolution
		SolutionGuid = {2B0FDAE7-7F95-39B8-8894-070ABAA98C2B}
	EndGlobalSection
	GlobalSection(ExtensibilityAddIns) = postSolution
	EndGlobalSection
EndGlobal
